
Microsoft Visual Studio Solution File, Format Version 12.00
Project("{2150E333-8FDC-42A3-9474-1A3956D46DE8}") = "Project_1", "Project_1", "{01BD1140-CF40-4E25-A9A7-A9A02BE34429}"
EndProject
Project("{FAE04EC0-301F-11D3-BF4B-00C04F79EFBC}") = "Ztp.Project1", "Ztp.Project1\Ztp.Project1.csproj", "{2F028D9B-222F-4E80-B3BA-F38676D1C03A}"
EndProject
Project("{2150E333-8FDC-42A3-9474-1A3956D46DE8}") = "Project_2", "Project_2", "{5DDDEC89-DC3B-4538-85F8-1FA51C620E27}"
EndProject
Project("{FAE04EC0-301F-11D3-BF4B-00C04F79EFBC}") = "ZTP.Project2.Client", "ZTP.Project2.Client\ZTP.Project2.Client.csproj", "{4F1F2564-5CD5-4ED6-8839-380D4A278D07}"
EndProject
Project("{FAE04EC0-301F-11D3-BF4B-00C04F79EFBC}") = "ZTP.Project2.Shared", "ZTP.Project2.Shared\ZTP.Project2.Shared.csproj", "{A5BFE6EE-1939-499A-BA7D-9626C0DC3EE3}"
EndProject
Project("{FAE04EC0-301F-11D3-BF4B-00C04F79EFBC}") = "ZTP.Project2.Server", "ZTP.Project2.Server\ZTP.Project2.Server.csproj", "{5CEA71ED-285A-4C82-BD5A-9E0921F6CB57}"
EndProject
Global
	GlobalSection(SolutionConfigurationPlatforms) = preSolution
		Debug|Any CPU = Debug|Any CPU
		Release|Any CPU = Release|Any CPU
	EndGlobalSection
	GlobalSection(NestedProjects) = preSolution
		{2F028D9B-222F-4E80-B3BA-F38676D1C03A} = {01BD1140-CF40-4E25-A9A7-A9A02BE34429}
		{4F1F2564-5CD5-4ED6-8839-380D4A278D07} = {5DDDEC89-DC3B-4538-85F8-1FA51C620E27}
		{A5BFE6EE-1939-499A-BA7D-9626C0DC3EE3} = {5DDDEC89-DC3B-4538-85F8-1FA51C620E27}
		{5CEA71ED-285A-4C82-BD5A-9E0921F6CB57} = {5DDDEC89-DC3B-4538-85F8-1FA51C620E27}
	EndGlobalSection
	GlobalSection(ProjectConfigurationPlatforms) = postSolution
		{2F028D9B-222F-4E80-B3BA-F38676D1C03A}.Debug|Any CPU.ActiveCfg = Debug|Any CPU
		{2F028D9B-222F-4E80-B3BA-F38676D1C03A}.Debug|Any CPU.Build.0 = Debug|Any CPU
		{2F028D9B-222F-4E80-B3BA-F38676D1C03A}.Release|Any CPU.ActiveCfg = Release|Any CPU
		{2F028D9B-222F-4E80-B3BA-F38676D1C03A}.Release|Any CPU.Build.0 = Release|Any CPU
		{4F1F2564-5CD5-4ED6-8839-380D4A278D07}.Debug|Any CPU.ActiveCfg = Debug|Any CPU
		{4F1F2564-5CD5-4ED6-8839-380D4A278D07}.Debug|Any CPU.Build.0 = Debug|Any CPU
		{4F1F2564-5CD5-4ED6-8839-380D4A278D07}.Release|Any CPU.ActiveCfg = Release|Any CPU
		{4F1F2564-5CD5-4ED6-8839-380D4A278D07}.Release|Any CPU.Build.0 = Release|Any CPU
		{A5BFE6EE-1939-499A-BA7D-9626C0DC3EE3}.Debug|Any CPU.ActiveCfg = Debug|Any CPU
		{A5BFE6EE-1939-499A-BA7D-9626C0DC3EE3}.Debug|Any CPU.Build.0 = Debug|Any CPU
		{A5BFE6EE-1939-499A-BA7D-9626C0DC3EE3}.Release|Any CPU.ActiveCfg = Release|Any CPU
		{A5BFE6EE-1939-499A-BA7D-9626C0DC3EE3}.Release|Any CPU.Build.0 = Release|Any CPU
		{5CEA71ED-285A-4C82-BD5A-9E0921F6CB57}.Debug|Any CPU.ActiveCfg = Debug|Any CPU
		{5CEA71ED-285A-4C82-BD5A-9E0921F6CB57}.Debug|Any CPU.Build.0 = Debug|Any CPU
		{5CEA71ED-285A-4C82-BD5A-9E0921F6CB57}.Release|Any CPU.ActiveCfg = Release|Any CPU
		{5CEA71ED-285A-4C82-BD5A-9E0921F6CB57}.Release|Any CPU.Build.0 = Release|Any CPU
	EndGlobalSection
EndGlobal
